
Microsoft Visual Studio Solution File, Format Version 12.00
# Visual Studio 15
VisualStudioVersion = 15.0.27703.2018
MinimumVisualStudioVersion = 10.0.40219.1
Project("{FAE04EC0-301F-11D3-BF4B-00C04F79EFBC}") = "ultimoLab", "ultimoLab\ultimoLab.csproj", "{0BD0255B-0396-42F3-BEB6-046855EAA6C5}"
EndProject
Global
	GlobalSection(SolutionConfigurationPlatforms) = preSolution
		Debug|Any CPU = Debug|Any CPU
		Release|Any CPU = Release|Any CPU
	EndGlobalSection
	GlobalSection(ProjectConfigurationPlatforms) = postSolution
		{0BD0255B-0396-42F3-BEB6-046855EAA6C5}.Debug|Any CPU.ActiveCfg = Debug|Any CPU
		{0BD0255B-0396-42F3-BEB6-046855EAA6C5}.Debug|Any CPU.Build.0 = Debug|Any CPU
		{0BD0255B-0396-42F3-BEB6-046855EAA6C5}.Release|Any CPU.ActiveCfg = Release|Any CPU
		{0BD0255B-0396-42F3-BEB6-046855EAA6C5}.Release|Any CPU.Build.0 = Release|Any CPU
	EndGlobalSection
	GlobalSection(SolutionProperties) = preSolution
		HideSolutionNode = FALSE
	EndGlobalSection
	GlobalSection(ExtensibilityGlobals) = postSolution
		SolutionGuid = {3040E995-A92A-40C0-913D-18CDDC5A630F}
	EndGlobalSection
EndGlobal
